
Microsoft Visual Studio Solution File, Format Version 12.00
# Visual Studio Version 17
VisualStudioVersion = 17.5.002.0
MinimumVisualStudioVersion = 10.0.40219.1
Project("{9A19103F-16F7-4668-BE54-9A1E7A4F7556}") = "FinalProject", "FinalProject\FinalProject.csproj", "{5A7CD56C-0AB2-4130-9845-5B34B1386D3C}"
EndProject
Project("{9A19103F-16F7-4668-BE54-9A1E7A4F7556}") = "Foundation1", "Foundation1\Foundation1.csproj", "{F3D01938-5504-4C67-ABDF-10D3F92D9E9C}"
EndProject
Project("{9A19103F-16F7-4668-BE54-9A1E7A4F7556}") = "Foundation4", "Foundation4\Foundation4.csproj", "{3BCD024A-73DD-4980-AC7B-06371B8F8D73}"
EndProject
Project("{9A19103F-16F7-4668-BE54-9A1E7A4F7556}") = "Foundation3", "Foundation3\Foundation3.csproj", "{D4072223-C4A1-42B8-931C-B553E27A2BB4}"
EndProject
Project("{9A19103F-16F7-4668-BE54-9A1E7A4F7556}") = "Foundation2", "Foundation2\Foundation2.csproj", "{C6CB7A28-7700-42CC-A6E8-E70607A08634}"
EndProject
Global
	GlobalSection(SolutionConfigurationPlatforms) = preSolution
		Debug|Any CPU = Debug|Any CPU
		Release|Any CPU = Release|Any CPU
	EndGlobalSection
	GlobalSection(ProjectConfigurationPlatforms) = postSolution
		{5A7CD56C-0AB2-4130-9845-5B34B1386D3C}.Debug|Any CPU.ActiveCfg = Debug|Any CPU
		{5A7CD56C-0AB2-4130-9845-5B34B1386D3C}.Debug|Any CPU.Build.0 = Debug|Any CPU
		{5A7CD56C-0AB2-4130-9845-5B34B1386D3C}.Release|Any CPU.ActiveCfg = Release|Any CPU
		{5A7CD56C-0AB2-4130-9845-5B34B1386D3C}.Release|Any CPU.Build.0 = Release|Any CPU
		{F3D01938-5504-4C67-ABDF-10D3F92D9E9C}.Debug|Any CPU.ActiveCfg = Debug|Any CPU
		{F3D01938-5504-4C67-ABDF-10D3F92D9E9C}.Debug|Any CPU.Build.0 = Debug|Any CPU
		{F3D01938-5504-4C67-ABDF-10D3F92D9E9C}.Release|Any CPU.ActiveCfg = Release|Any CPU
		{F3D01938-5504-4C67-ABDF-10D3F92D9E9C}.Release|Any CPU.Build.0 = Release|Any CPU
		{3BCD024A-73DD-4980-AC7B-06371B8F8D73}.Debug|Any CPU.ActiveCfg = Debug|Any CPU
		{3BCD024A-73DD-4980-AC7B-06371B8F8D73}.Debug|Any CPU.Build.0 = Debug|Any CPU
		{3BCD024A-73DD-4980-AC7B-06371B8F8D73}.Release|Any CPU.ActiveCfg = Release|Any CPU
		{3BCD024A-73DD-4980-AC7B-06371B8F8D73}.Release|Any CPU.Build.0 = Release|Any CPU
		{D4072223-C4A1-42B8-931C-B553E27A2BB4}.Debug|Any CPU.ActiveCfg = Debug|Any CPU
		{D4072223-C4A1-42B8-931C-B553E27A2BB4}.Debug|Any CPU.Build.0 = Debug|Any CPU
		{D4072223-C4A1-42B8-931C-B553E27A2BB4}.Release|Any CPU.ActiveCfg = Release|Any CPU
		{D4072223-C4A1-42B8-931C-B553E27A2BB4}.Release|Any CPU.Build.0 = Release|Any CPU
		{C6CB7A28-7700-42CC-A6E8-E70607A08634}.Debug|Any CPU.ActiveCfg = Debug|Any CPU
		{C6CB7A28-7700-42CC-A6E8-E70607A08634}.Debug|Any CPU.Build.0 = Debug|Any CPU
		{C6CB7A28-7700-42CC-A6E8-E70607A08634}.Release|Any CPU.ActiveCfg = Release|Any CPU
		{C6CB7A28-7700-42CC-A6E8-E70607A08634}.Release|Any CPU.Build.0 = Release|Any CPU
	EndGlobalSection
	GlobalSection(SolutionProperties) = preSolution
		HideSolutionNode = FALSE
	EndGlobalSection
	GlobalSection(ExtensibilityGlobals) = postSolution
		SolutionGuid = {5E1800AA-0C06-47F8-B40B-35686B4A8C69}
	EndGlobalSection
EndGlobal
